PODS:
  - FBSnapshotTestCase (2.1.4):
    - FBSnapshotTestCase/SwiftSupport (= 2.1.4)
  - FBSnapshotTestCase/Core (2.1.4)
  - FBSnapshotTestCase/SwiftSupport (2.1.4):
    - FBSnapshotTestCase/Core
  - MMSCropView (1.1.0)

DEPENDENCIES:
  - FBSnapshotTestCase
  - MMSCropView (from `../`)

EXTERNAL SOURCES:
  MMSCropView:
    :path: "../"

SPEC CHECKSUMS:
  FBSnapshotTestCase: 094f9f314decbabe373b87cc339bea235a63e07a
  MMSCropView: be8bb064028bafbb22a2def1b9bf009eaf68be38

PODFILE CHECKSUM: 2f7dcd9c8011df64f9ab7ae13b53639a6373fbbe

COCOAPODS: 1.2.0
